
Microsoft Visual Studio Solution File, Format Version 12.00
# Visual Studio Version 16
VisualStudioVersion = 16.0.34301.259
MinimumVisualStudioVersion = 10.0.40219.1
Project("{FAE04EC0-301F-11D3-BF4B-00C04F79EFBC}") = "BanGiay", "BanGiay\BanGiay.csproj", "{CE06A784-ED84-4B53-B566-92E87677DA0E}"
EndProject
Global
	GlobalSection(SolutionConfigurationPlatforms) = preSolution
		Debug|Any CPU = Debug|Any CPU
		Release|Any CPU = Release|Any CPU
	EndGlobalSection
	GlobalSection(ProjectConfigurationPlatforms) = postSolution
		{CE06A784-ED84-4B53-B566-92E87677DA0E}.Debug|Any CPU.ActiveCfg = Debug|Any CPU
		{CE06A784-ED84-4B53-B566-92E87677DA0E}.Debug|Any CPU.Build.0 = Debug|Any CPU
		{CE06A784-ED84-4B53-B566-92E87677DA0E}.Release|Any CPU.ActiveCfg = Release|Any CPU
		{CE06A784-ED84-4B53-B566-92E87677DA0E}.Release|Any CPU.Build.0 = Release|Any CPU
	EndGlobalSection
	GlobalSection(SolutionProperties) = preSolution
		HideSolutionNode = FALSE
	EndGlobalSection
	GlobalSection(ExtensibilityGlobals) = postSolution
		SolutionGuid = {A45A1919-9442-4CB5-853A-93A5E9FCA77C}
	EndGlobalSection
EndGlobal
